// !$*UTF8*$!
{
	archiveVersion = 1;
	classes = {
	};
	objectVersion = 46;
	objects = {

/* Begin PBXBuildFile section */
		CE00F9771AD164C4001736A6 /* Race.swift in Sources */ = {isa = PBXBuildFile; fileRef = CE00F9761AD164C3001736A6 /* Race.swift */; };
		CE00F97B1AD2741A001736A6 /* Waypoint.swift in Sources */ = {isa = PBXBuildFile; fileRef = CE00F97A1AD2741A001736A6 /* Waypoint.swift */; };
		CE0984B81AD2C93E002D9DF0 /* ProfielController.swift in Sources */ = {isa = PBXBuildFile; fileRef = CE0984B71AD2C93E002D9DF0 /* ProfielController.swift */; };
		CE1BB0DF1AD6A67100FACA4D /* RaceController.swift in Sources */ = {isa = PBXBuildFile; fileRef = CE1BB0DE1AD6A67000FACA4D /* RaceController.swift */; };
		CE37F4431ACEC0130082DA09 /* AppDelegate.swift in Sources */ = {isa = PBXBuildFile; fileRef = CE37F4421ACEC0130082DA09 /* AppDelegate.swift */; };
		CE37F4481ACEC0130082DA09 /* Main.storyboard in Resources */ = {isa = PBXBuildFile; fileRef = CE37F4461ACEC0130082DA09 /* Main.storyboard */; };
		CE37F44A1ACEC0130082DA09 /* Images.xcassets in Resources */ = {isa = PBXBuildFile; fileRef = CE37F4491ACEC0130082DA09 /* Images.xcassets */; };
		CE37F44D1ACEC0130082DA09 /* LaunchScreen.xib in Resources */ = {isa = PBXBuildFile; fileRef = CE37F44B1ACEC0130082DA09 /* LaunchScreen.xib */; };
		CE37F4591ACEC0130082DA09 /* RestRace_iOSTests.swift in Sources */ = {isa = PBXBuildFile; fileRef = CE37F4581ACEC0130082DA09 /* RestRace_iOSTests.swift */; };
		CE37F4631ACEE5A30082DA09 /* RacesController.swift in Sources */ = {isa = PBXBuildFile; fileRef = CE37F4621ACEE5A30082DA09 /* RacesController.swift */; };
		CE4B5E5E1AD44AA4000C1CA3 /* RegistrerenController.swift in Sources */ = {isa = PBXBuildFile; fileRef = CE4B5E5D1AD44AA4000C1CA3 /* RegistrerenController.swift */; };
		CE77E7FC1AD312B20048D1AF /* InloggenController.swift in Sources */ = {isa = PBXBuildFile; fileRef = CE77E7FB1AD312B20048D1AF /* InloggenController.swift */; };
		CE835FA71AD01CE000B23F95 /* RaceCell.swift in Sources */ = {isa = PBXBuildFile; fileRef = CE835FA61AD01CE000B23F95 /* RaceCell.swift */; };
		CE9407FE1AD6FAC300E5299A /* WaypointCell.swift in Sources */ = {isa = PBXBuildFile; fileRef = CE9407FD1AD6FAC300E5299A /* WaypointCell.swift */; };
		EC3E364A1AD7C8B3004B98C6 /* WaypointController.swift in Sources */ = {isa = PBXBuildFile; fileRef = EC3E36491AD7C8B3004B98C6 /* WaypointController.swift */; };
		ECB0F6481ADD047A000FDB1D /* MyVariables.swift in Sources */ = {isa = PBXBuildFile; fileRef = ECB0F6471ADD047A000FDB1D /* MyVariables.swift */; };
		ECE2B0B71AD80C8600039BF0 /* DeelnemenController.swift in Sources */ = {isa = PBXBuildFile; fileRef = ECE2B0B61AD80C8600039BF0 /* DeelnemenController.swift */; };
/* End PBXBuildFile section */

/* Begin PBXContainerItemProxy section */
		CE37F4531ACEC0130082DA09 /* PBXContainerItemProxy */ = {
			isa = PBXContainerItemProxy;
			containerPortal = CE37F4351ACEC0120082DA09 /* Project object */;
			proxyType = 1;
			remoteGlobalIDString = CE37F43C1ACEC0130082DA09;
			remoteInfo = "RestRace iOS";
		};
/* End PBXContainerItemProxy section */

/* Begin PBXFileReference section */
		CE00F9761AD164C3001736A6 /* Race.swift */ = {isa = PBXFileReference; fileEncoding = 4; lastKnownFileType = sourcecode.swift; path = Race.swift; sourceTree = "<group>"; };
		CE00F97A1AD2741A001736A6 /* Waypoint.swift */ = {isa = PBXFileReference; fileEncoding = 4; lastKnownFileType = sourcecode.swift; path = Waypoint.swift; sourceTree = "<group>"; };
		CE0984B71AD2C93E002D9DF0 /* ProfielController.swift */ = {isa = PBXFileReference; fileEncoding = 4; lastKnownFileType = sourcecode.swift; path = ProfielController.swift; sourceTree = "<group>"; };
		CE1BB0DE1AD6A67000FACA4D /* RaceController.swift */ = {isa = PBXFileReference; fileEncoding = 4; lastKnownFileType = sourcecode.swift; path = RaceController.swift; sourceTree = "<group>"; };
		CE37F43D1ACEC0130082DA09 /* RestRace iOS.app */ = {isa = PBXFileReference; explicitFileType = wrapper.application; includeInIndex = 0; path = "RestRace iOS.app"; sourceTree = BUILT_PRODUCTS_DIR; };
		CE37F4411ACEC0130082DA09 /* Info.plist */ = {isa = PBXFileReference; lastKnownFileType = text.plist.xml; path = Info.plist; sourceTree = "<group>"; };
		CE37F4421ACEC0130082DA09 /* AppDelegate.swift */ = {isa = PBXFileReference; lastKnownFileType = sourcecode.swift; path = AppDelegate.swift; sourceTree = "<group>"; };
		CE37F4471ACEC0130082DA09 /* Base */ = {isa = PBXFileReference; lastKnownFileType = file.storyboard; name = Base; path = Base.lproj/Main.storyboard; sourceTree = "<group>"; };
		CE37F4491ACEC0130082DA09 /* Images.xcassets */ = {isa = PBXFileReference; lastKnownFileType = folder.assetcatalog; path = Images.xcassets; sourceTree = "<group>"; };
		CE37F44C1ACEC0130082DA09 /* Base */ = {isa = PBXFileReference; lastKnownFileType = file.xib; name = Base; path = Base.lproj/LaunchScreen.xib; sourceTree = "<group>"; };
		CE37F4521ACEC0130082DA09 /* RestRace iOSTests.xctest */ = {isa = PBXFileReference; explicitFileType = wrapper.cfbundle; includeInIndex = 0; path = "RestRace iOSTests.xctest"; sourceTree = BUILT_PRODUCTS_DIR; };
		CE37F4571ACEC0130082DA09 /* Info.plist */ = {isa = PBXFileReference; lastKnownFileType = text.plist.xml; path = Info.plist; sourceTree = "<group>"; };
		CE37F4581ACEC0130082DA09 /* RestRace_iOSTests.swift */ = {isa = PBXFileReference; lastKnownFileType = sourcecode.swift; path = RestRace_iOSTests.swift; sourceTree = "<group>"; };
		CE37F4621ACEE5A30082DA09 /* RacesController.swift */ = {isa = PBXFileReference; fileEncoding = 4; lastKnownFileType = sourcecode.swift; path = RacesController.swift; sourceTree = "<group>"; };
		CE4B5E5D1AD44AA4000C1CA3 /* RegistrerenController.swift */ = {isa = PBXFileReference; fileEncoding = 4; lastKnownFileType = sourcecode.swift; path = RegistrerenController.swift; sourceTree = "<group>"; };
		CE77E7FB1AD312B20048D1AF /* InloggenController.swift */ = {isa = PBXFileReference; fileEncoding = 4; lastKnownFileType = sourcecode.swift; path = InloggenController.swift; sourceTree = "<group>"; };
		CE835FA61AD01CE000B23F95 /* RaceCell.swift */ = {isa = PBXFileReference; fileEncoding = 4; lastKnownFileType = sourcecode.swift; path = RaceCell.swift; sourceTree = "<group>"; };
		CE9407FD1AD6FAC300E5299A /* WaypointCell.swift */ = {isa = PBXFileReference; fileEncoding = 4; lastKnownFileType = sourcecode.swift; path = WaypointCell.swift; sourceTree = "<group>"; };
		EC3E36491AD7C8B3004B98C6 /* WaypointController.swift */ = {isa = PBXFileReference; fileEncoding = 4; lastKnownFileType = sourcecode.swift; path = WaypointController.swift; sourceTree = "<group>"; };
		ECB0F6471ADD047A000FDB1D /* MyVariables.swift */ = {isa = PBXFileReference; fileEncoding = 4; lastKnownFileType = sourcecode.swift; path = MyVariables.swift; sourceTree = "<group>"; };
		ECE2B0B61AD80C8600039BF0 /* DeelnemenController.swift */ = {isa = PBXFileReference; fileEncoding = 4; lastKnownFileType = sourcecode.swift; path = DeelnemenController.swift; sourceTree = "<group>"; };
/* End PBXFileReference section */

/* Begin PBXFrameworksBuildPhase section */
		CE37F43A1ACEC0130082DA09 /* Frameworks */ = {
			isa = PBXFrameworksBuildPhase;
			buildActionMask = 2147483647;
			files = (
			);
			runOnlyForDeploymentPostprocessing = 0;
		};
		CE37F44F1ACEC0130082DA09 /* Frameworks */ = {
			isa = PBXFrameworksBuildPhase;
			buildActionMask = 2147483647;
			files = (
			);
			runOnlyForDeploymentPostprocessing = 0;
		};
/* End PBXFrameworksBuildPhase section */

/* Begin PBXGroup section */
		CE37F4341ACEC0120082DA09 = {
			isa = PBXGroup;
			children = (
				CE37F43F1ACEC0130082DA09 /* RestRace iOS */,
				CE37F4551ACEC0130082DA09 /* RestRace iOSTests */,
				CE37F43E1ACEC0130082DA09 /* Products */,
			);
			sourceTree = "<group>";
		};
		CE37F43E1ACEC0130082DA09 /* Products */ = {
			isa = PBXGroup;
			children = (
				CE37F43D1ACEC0130082DA09 /* RestRace iOS.app */,
				CE37F4521ACEC0130082DA09 /* RestRace iOSTests.xctest */,
			);
			name = Products;
			sourceTree = "<group>";
		};
		CE37F43F1ACEC0130082DA09 /* RestRace iOS */ = {
			isa = PBXGroup;
			children = (
				CE7BC93E1ADC4E5F00EA6471 /* Controllers */,
				CE7BC93D1ADC4E4000EA6471 /* Models */,
				CE7BC93C1ADC4E2000EA6471 /* Views */,
				CE37F4421ACEC0130082DA09 /* AppDelegate.swift */,
				CE37F4461ACEC0130082DA09 /* Main.storyboard */,
				CE37F4491ACEC0130082DA09 /* Images.xcassets */,
				CE37F44B1ACEC0130082DA09 /* LaunchScreen.xib */,
				CE37F4401ACEC0130082DA09 /* Supporting Files */,
			);
			path = "RestRace iOS";
			sourceTree = "<group>";
		};
		CE37F4401ACEC0130082DA09 /* Supporting Files */ = {
			isa = PBXGroup;
			children = (
				CE37F4411ACEC0130082DA09 /* Info.plist */,
			);
			name = "Supporting Files";
			sourceTree = "<group>";
		};
		CE37F4551ACEC0130082DA09 /* RestRace iOSTests */ = {
			isa = PBXGroup;
			children = (
				CE37F4581ACEC0130082DA09 /* RestRace_iOSTests.swift */,
				CE37F4561ACEC0130082DA09 /* Supporting Files */,
			);
			path = "RestRace iOSTests";
			sourceTree = "<group>";
		};
		CE37F4561ACEC0130082DA09 /* Supporting Files */ = {
			isa = PBXGroup;
			children = (
				CE37F4571ACEC0130082DA09 /* Info.plist */,
			);
			name = "Supporting Files";
			sourceTree = "<group>";
		};
		CE7BC93C1ADC4E2000EA6471 /* Views */ = {
			isa = PBXGroup;
			children = (
				CE835FA61AD01CE000B23F95 /* RaceCell.swift */,
				CE9407FD1AD6FAC300E5299A /* WaypointCell.swift */,
			);
			name = Views;
			sourceTree = "<group>";
		};
		CE7BC93D1ADC4E4000EA6471 /* Models */ = {
			isa = PBXGroup;
			children = (
				ECB0F6471ADD047A000FDB1D /* MyVariables.swift */,
				CE00F97A1AD2741A001736A6 /* Waypoint.swift */,
				CE00F9761AD164C3001736A6 /* Race.swift */,
			);
			name = Models;
			sourceTree = "<group>";
		};
		CE7BC93E1ADC4E5F00EA6471 /* Controllers */ = {
			isa = PBXGroup;
			children = (
				ECE2B0B61AD80C8600039BF0 /* DeelnemenController.swift */,
				EC3E36491AD7C8B3004B98C6 /* WaypointController.swift */,
				CE77E7FB1AD312B20048D1AF /* InloggenController.swift */,
				CE4B5E5D1AD44AA4000C1CA3 /* RegistrerenController.swift */,
				CE37F4621ACEE5A30082DA09 /* RacesController.swift */,
				CE0984B71AD2C93E002D9DF0 /* ProfielController.swift */,
				CE1BB0DE1AD6A67000FACA4D /* RaceController.swift */,
			);
			name = Controllers;
			sourceTree = "<group>";
		};
/* End PBXGroup section */

/* Begin PBXNativeTarget section */
		CE37F43C1ACEC0130082DA09 /* RestRace iOS */ = {
			isa = PBXNativeTarget;
			buildConfigurationList = CE37F45C1ACEC0130082DA09 /* Build configuration list for PBXNativeTarget "RestRace iOS" */;
			buildPhases = (
				CE37F4391ACEC0130082DA09 /* Sources */,
				CE37F43A1ACEC0130082DA09 /* Frameworks */,
				CE37F43B1ACEC0130082DA09 /* Resources */,
			);
			buildRules = (
			);
			dependencies = (
			);
			name = "RestRace iOS";
			productName = "RestRace iOS";
			productReference = CE37F43D1ACEC0130082DA09 /* RestRace iOS.app */;
			productType = "com.apple.product-type.application";
		};
		CE37F4511ACEC0130082DA09 /* RestRace iOSTests */ = {
			isa = PBXNativeTarget;
			buildConfigurationList = CE37F45F1ACEC0130082DA09 /* Build configuration list for PBXNativeTarget "RestRace iOSTests" */;
			buildPhases = (
				CE37F44E1ACEC0130082DA09 /* Sources */,
				CE37F44F1ACEC0130082DA09 /* Frameworks */,
				CE37F4501ACEC0130082DA09 /* Resources */,
			);
			buildRules = (
			);
			dependencies = (
				CE37F4541ACEC0130082DA09 /* PBXTargetDependency */,
			);
			name = "RestRace iOSTests";
			productName = "RestRace iOSTests";
			productReference = CE37F4521ACEC0130082DA09 /* RestRace iOSTests.xctest */;
			productType = "com.apple.product-type.bundle.unit-test";
		};
/* End PBXNativeTarget section */

/* Begin PBXProject section */
		CE37F4351ACEC0120082DA09 /* Project object */ = {
			isa = PBXProject;
			attributes = {
				LastUpgradeCheck = 0610;
				ORGANIZATIONNAME = "Jip Verhoeven";
				TargetAttributes = {
					CE37F43C1ACEC0130082DA09 = {
						CreatedOnToolsVersion = 6.1.1;
					};
					CE37F4511ACEC0130082DA09 = {
						CreatedOnToolsVersion = 6.1.1;
						TestTargetID = CE37F43C1ACEC0130082DA09;
					};
				};
			};
			buildConfigurationList = CE37F4381ACEC0120082DA09 /* Build configuration list for PBXProject "RestRace iOS" */;
			compatibilityVersion = "Xcode 3.2";
			developmentRegion = English;
			hasScannedForEncodings = 0;
			knownRegions = (
				en,
				Base,
			);
			mainGroup = CE37F4341ACEC0120082DA09;
			productRefGroup = CE37F43E1ACEC0130082DA09 /* Products */;
			projectDirPath = "";
			projectRoot = "";
			targets = (
				CE37F43C1ACEC0130082DA09 /* RestRace iOS */,
				CE37F4511ACEC0130082DA09 /* RestRace iOSTests */,
			);
		};
/* End PBXProject section */

/* Begin PBXResourcesBuildPhase section */
		CE37F43B1ACEC0130082DA09 /* Resources */ = {
			isa = PBXResourcesBuildPhase;
			buildActionMask = 2147483647;
			files = (
				CE37F4481ACEC0130082DA09 /* Main.storyboard in Resources */,
				CE37F44D1ACEC0130082DA09 /* LaunchScreen.xib in Resources */,
				CE37F44A1ACEC0130082DA09 /* Images.xcassets in Resources */,
			);
			runOnlyForDeploymentPostprocessing = 0;
		};
		CE37F4501ACEC0130082DA09 /* Resources */ = {
			isa = PBXResourcesBuildPhase;
			buildActionMask = 2147483647;
			files = (
			);
			runOnlyForDeploymentPostprocessing = 0;
		};
/* End PBXResourcesBuildPhase section */

/* Begin PBXSourcesBuildPhase section */
		CE37F4391ACEC0130082DA09 /* Sources */ = {
			isa = PBXSourcesBuildPhase;
			buildActionMask = 2147483647;
			files = (
				CE9407FE1AD6FAC300E5299A /* WaypointCell.swift in Sources */,
				CE835FA71AD01CE000B23F95 /* RaceCell.swift in Sources */,
				CE1BB0DF1AD6A67100FACA4D /* RaceController.swift in Sources */,
				CE77E7FC1AD312B20048D1AF /* InloggenController.swift in Sources */,
				CE0984B81AD2C93E002D9DF0 /* ProfielController.swift in Sources */,
				ECB0F6481ADD047A000FDB1D /* MyVariables.swift in Sources */,
				CE00F97B1AD2741A001736A6 /* Waypoint.swift in Sources */,
				CE37F4431ACEC0130082DA09 /* AppDelegate.swift in Sources */,
				CE37F4631ACEE5A30082DA09 /* RacesController.swift in Sources */,
				EC3E364A1AD7C8B3004B98C6 /* WaypointController.swift in Sources */,
				CE4B5E5E1AD44AA4000C1CA3 /* RegistrerenController.swift in Sources */,
				CE00F9771AD164C4001736A6 /* Race.swift in Sources */,
				ECE2B0B71AD80C8600039BF0 /* DeelnemenController.swift in Sources */,
			);
			runOnlyForDeploymentPostprocessing = 0;
		};
		CE37F44E1ACEC0130082DA09 /* Sources */ = {
			isa = PBXSourcesBuildPhase;
			buildActionMask = 2147483647;
			files = (
				CE37F4591ACEC0130082DA09 /* RestRace_iOSTests.swift in Sources */,
			);
			runOnlyForDeploymentPostprocessing = 0;
		};
/* End PBXSourcesBuildPhase section */

/* Begin PBXTargetDependency section */
		CE37F4541ACEC0130082DA09 /* PBXTargetDependency */ = {
			isa = PBXTargetDependency;
			target = CE37F43C1ACEC0130082DA09 /* RestRace iOS */;
			targetProxy = CE37F4531ACEC0130082DA09 /* PBXContainerItemProxy */;
		};
/* End PBXTargetDependency section */

/* Begin PBXVariantGroup section */
		CE37F4461ACEC0130082DA09 /* Main.storyboard */ = {
			isa = PBXVariantGroup;
			children = (
				CE37F4471ACEC0130082DA09 /* Base */,
			);
			name = Main.storyboard;
			sourceTree = "<group>";
		};
		CE37F44B1ACEC0130082DA09 /* LaunchScreen.xib */ = {
			isa = PBXVariantGroup;
			children = (
				CE37F44C1ACEC0130082DA09 /* Base */,
			);
			name = LaunchScreen.xib;
			sourceTree = "<group>";
		};
/* End PBXVariantGroup section */

/* Begin XCBuildConfiguration section */
		CE37F45A1ACEC0130082DA09 /* Debug */ = {
			isa = XCBuildConfiguration;
			buildSettings = {
				ALWAYS_SEARCH_USER_PATHS = NO;
				CLANG_CXX_LANGUAGE_STANDARD = "gnu++0x";
				CLANG_CXX_LIBRARY = "libc++";
				CLANG_ENABLE_MODULES = YES;
				CLANG_ENABLE_OBJC_ARC = YES;
				CLANG_WARN_BOOL_CONVERSION = YES;
				CLANG_WARN_CONSTANT_CONVERSION = YES;
				CLANG_WARN_DIRECT_OBJC_ISA_USAGE = YES_ERROR;
				CLANG_WARN_EMPTY_BODY = YES;
				CLANG_WARN_ENUM_CONVERSION = YES;
				CLANG_WARN_INT_CONVERSION = YES;
				CLANG_WARN_OBJC_ROOT_CLASS = YES_ERROR;
				CLANG_WARN_UNREACHABLE_CODE = YES;
				CLANG_WARN__DUPLICATE_METHOD_MATCH = YES;
				"CODE_SIGN_IDENTITY[sdk=iphoneos*]" = "iPhone Developer";
				COPY_PHASE_STRIP = NO;
				ENABLE_STRICT_OBJC_MSGSEND = YES;
				GCC_C_LANGUAGE_STANDARD = gnu99;
				GCC_DYNAMIC_NO_PIC = NO;
				GCC_OPTIMIZATION_LEVEL = 0;
				GCC_PREPROCESSOR_DEFINITIONS = (
					"DEBUG=1",
					"$(inherited)",
				);
				GCC_SYMBOLS_PRIVATE_EXTERN = NO;
				GCC_WARN_64_TO_32_BIT_CONVERSION = YES;
				GCC_WARN_ABOUT_RETURN_TYPE = YES_ERROR;
				GCC_WARN_UNDECLARED_SELECTOR = YES;
				GCC_WARN_UNINITIALIZED_AUTOS = YES_AGGRESSIVE;
				GCC_WARN_UNUSED_FUNCTION = YES;
				GCC_WARN_UNUSED_VARIABLE = YES;
				IPHONEOS_DEPLOYMENT_TARGET = 8.1;
				MTL_ENABLE_DEBUG_INFO = YES;
				ONLY_ACTIVE_ARCH = YES;
				SDKROOT = iphoneos;
				SWIFT_OPTIMIZATION_LEVEL = "-Onone";
			};
			name = Debug;
		};
		CE37F45B1ACEC0130082DA09 /* Release */ = {
			isa = XCBuildConfiguration;
			buildSettings = {
				ALWAYS_SEARCH_USER_PATHS = NO;
				CLANG_CXX_LANGUAGE_STANDARD = "gnu++0x";
				CLANG_CXX_LIBRARY = "libc++";
				CLANG_ENABLE_MODULES = YES;
				CLANG_ENABLE_OBJC_ARC = YES;
				CLANG_WARN_BOOL_CONVERSION = YES;
				CLANG_WARN_CONSTANT_CONVERSION = YES;
				CLANG_WARN_DIRECT_OBJC_ISA_USAGE = YES_ERROR;
				CLANG_WARN_EMPTY_BODY = YES;
				CLANG_WARN_ENUM_CONVERSION = YES;
				CLANG_WARN_INT_CONVERSION = YES;
				CLANG_WARN_OBJC_ROOT_CLASS = YES_ERROR;
				CLANG_WARN_UNREACHABLE_CODE = YES;
				CLANG_WARN__DUPLICATE_METHOD_MATCH = YES;
				"CODE_SIGN_IDENTITY[sdk=iphoneos*]" = "iPhone Developer";
				COPY_PHASE_STRIP = YES;
				ENABLE_NS_ASSERTIONS = NO;
				ENABLE_STRICT_OBJC_MSGSEND = YES;
				GCC_C_LANGUAGE_STANDARD = gnu99;
				GCC_WARN_64_TO_32_BIT_CONVERSION = YES;
				GCC_WARN_ABOUT_RETURN_TYPE = YES_ERROR;
				GCC_WARN_UNDECLARED_SELECTOR = YES;
				GCC_WARN_UNINITIALIZED_AUTOS = YES_AGGRESSIVE;
				GCC_WARN_UNUSED_FUNCTION = YES;
				GCC_WARN_UNUSED_VARIABLE = YES;
				IPHONEOS_DEPLOYMENT_TARGET = 8.1;
				MTL_ENABLE_DEBUG_INFO = NO;
				SDKROOT = iphoneos;
				VALIDATE_PRODUCT = YES;
			};
			name = Release;
		};
		CE37F45D1ACEC0130082DA09 /* Debug */ = {
			isa = XCBuildConfiguration;
			buildSettings = {
				ASSETCATALOG_COMPILER_APPICON_NAME = AppIcon;
				INFOPLIST_FILE = "RestRace iOS/Info.plist";
				IPHONEOS_DEPLOYMENT_TARGET = 8.1;
				LD_RUNPATH_SEARCH_PATHS = "$(inherited) @executable_path/Frameworks";
				PRODUCT_NAME = "$(TARGET_NAME)";
				TARGETED_DEVICE_FAMILY = "1,2";
			};
			name = Debug;
		};
		CE37F45E1ACEC0130082DA09 /* Release */ = {
			isa = XCBuildConfiguration;
			buildSettings = {
				ASSETCATALOG_COMPILER_APPICON_NAME = AppIcon;
				INFOPLIST_FILE = "RestRace iOS/Info.plist";
				IPHONEOS_DEPLOYMENT_TARGET = 8.1;
				LD_RUNPATH_SEARCH_PATHS = "$(inherited) @executable_path/Frameworks";
				PRODUCT_NAME = "$(TARGET_NAME)";
				TARGETED_DEVICE_FAMILY = "1,2";
			};
			name = Release;
		};
		CE37F4601ACEC0130082DA09 /* Debug */ = {
			isa = XCBuildConfiguration;
			buildSettings = {
				BUNDLE_LOADER = "$(TEST_HOST)";
				FRAMEWORK_SEARCH_PATHS = (
					"$(SDKROOT)/Developer/Library/Frameworks",
					"$(inherited)",
				);
				GCC_PREPROCESSOR_DEFINITIONS = (
					"DEBUG=1",
					"$(inherited)",
				);
				INFOPLIST_FILE = "RestRace iOSTests/Info.plist";
				LD_RUNPATH_SEARCH_PATHS = "$(inherited) @executable_path/Frameworks @loader_path/Frameworks";
				PRODUCT_NAME = "$(TARGET_NAME)";
				TEST_HOST = "$(BUILT_PRODUCTS_DIR)/RestRace iOS.app/RestRace iOS";
			};
			name = Debug;
		};
		CE37F4611ACEC0130082DA09 /* Release */ = {
			isa = XCBuildConfiguration;
			buildSettings = {
				BUNDLE_LOADER = "$(TEST_HOST)";
				FRAMEWORK_SEARCH_PATHS = (
					"$(SDKROOT)/Developer/Library/Frameworks",
					"$(inherited)",
				);
				INFOPLIST_FILE = "RestRace iOSTests/Info.plist";
				LD_RUNPATH_SEARCH_PATHS = "$(inherited) @executable_path/Frameworks @loader_path/Frameworks";
				PRODUCT_NAME = "$(TARGET_NAME)";
				TEST_HOST = "$(BUILT_PRODUCTS_DIR)/RestRace iOS.app/RestRace iOS";
			};
			name = Release;
		};
/* End XCBuildConfiguration section */

/* Begin XCConfigurationList section */
		CE37F4381ACEC0120082DA09 /* Build configuration list for PBXProject "RestRace iOS" */ = {
			isa = XCConfigurationList;
			buildConfigurations = (
				CE37F45A1ACEC0130082DA09 /* Debug */,
				CE37F45B1ACEC0130082DA09 /* Release */,
			);
			defaultConfigurationIsVisible = 0;
			defaultConfigurationName = Release;
		};
		CE37F45C1ACEC0130082DA09 /* Build configuration list for PBXNativeTarget "RestRace iOS" */ = {
			isa = XCConfigurationList;
			buildConfigurations = (
				CE37F45D1ACEC0130082DA09 /* Debug */,
				CE37F45E1ACEC0130082DA09 /* Release */,
			);
			defaultConfigurationIsVisible = 0;
			defaultConfigurationName = Release;
		};
		CE37F45F1ACEC0130082DA09 /* Build configuration list for PBXNativeTarget "RestRace iOSTests" */ = {
			isa = XCConfigurationList;
			buildConfigurations = (
				CE37F4601ACEC0130082DA09 /* Debug */,
				CE37F4611ACEC0130082DA09 /* Release */,
			);
			defaultConfigurationIsVisible = 0;
			defaultConfigurationName = Release;
		};
/* End XCConfigurationList section */
	};
	rootObject = CE37F4351ACEC0120082DA09 /* Project object */;
}
